
Microsoft Visual Studio Solution File, Format Version 12.00
# Visual Studio 2013
VisualStudioVersion = 12.0.30501.0
MinimumVisualStudioVersion = 10.0.40219.1
Project("{FAE04EC0-301F-11D3-BF4B-00C04F79EFBC}") = "Azure.Security", "Azure.Security.csproj", "{293DF190-532C-4996-876D-ADAAFBB7942C}"
EndProject
Project("{FAE04EC0-301F-11D3-BF4B-00C04F79EFBC}") = "Azure.Security.Tests", "..\Azure.Security.Tests\Azure.Security.Tests.csproj", "{A0769C71-65E0-43DA-AE7D-9879E315EC92}"
EndProject
Global
	GlobalSection(SolutionConfigurationPlatforms) = preSolution
		Debug|Any CPU = Debug|Any CPU
		Release|Any CPU = Release|Any CPU
	EndGlobalSection
	GlobalSection(ProjectConfigurationPlatforms) = postSolution
		{293DF190-532C-4996-876D-ADAAFBB7942C}.Debug|Any CPU.ActiveCfg = Debug|Any CPU
		{293DF190-532C-4996-876D-ADAAFBB7942C}.Debug|Any CPU.Build.0 = Debug|Any CPU
		{293DF190-532C-4996-876D-ADAAFBB7942C}.Release|Any CPU.ActiveCfg = Release|Any CPU
		{293DF190-532C-4996-876D-ADAAFBB7942C}.Release|Any CPU.Build.0 = Release|Any CPU
		{A0769C71-65E0-43DA-AE7D-9879E315EC92}.Debug|Any CPU.ActiveCfg = Debug|Any CPU
		{A0769C71-65E0-43DA-AE7D-9879E315EC92}.Debug|Any CPU.Build.0 = Debug|Any CPU
		{A0769C71-65E0-43DA-AE7D-9879E315EC92}.Release|Any CPU.ActiveCfg = Release|Any CPU
		{A0769C71-65E0-43DA-AE7D-9879E315EC92}.Release|Any CPU.Build.0 = Release|Any CPU
	EndGlobalSection
	GlobalSection(SolutionProperties) = preSolution
		HideSolutionNode = FALSE
	EndGlobalSection
EndGlobal
